
Microsoft Visual Studio Solution File, Format Version 12.00
# Visual Studio Version 17
VisualStudioVersion = 17.14.36705.20
MinimumVisualStudioVersion = 10.0.40219.1
Project("{FAE04EC0-301F-11D3-BF4B-00C04F79EFBC}") = "ProductsAPI", "ProductsAPI.csproj", "{10BF24BF-7664-4A3E-B9B6-1E16C3D31F3B}"
EndProject
Project("{FAE04EC0-301F-11D3-BF4B-00C04F79EFBC}") = "ProductApi_Test_Project", "..\ProductApi_Test_Project\ProductApi_Test_Project.csproj", "{AFD6082D-E692-4C0A-B05F-ADC76D6ABF96}"
EndProject
Global
	GlobalSection(SolutionConfigurationPlatforms) = preSolution
		Debug|Any CPU = Debug|Any CPU
		Release|Any CPU = Release|Any CPU
	EndGlobalSection
	GlobalSection(ProjectConfigurationPlatforms) = postSolution
		{10BF24BF-7664-4A3E-B9B6-1E16C3D31F3B}.Debug|Any CPU.ActiveCfg = Debug|Any CPU
		{10BF24BF-7664-4A3E-B9B6-1E16C3D31F3B}.Debug|Any CPU.Build.0 = Debug|Any CPU
		{10BF24BF-7664-4A3E-B9B6-1E16C3D31F3B}.Release|Any CPU.ActiveCfg = Release|Any CPU
		{10BF24BF-7664-4A3E-B9B6-1E16C3D31F3B}.Release|Any CPU.Build.0 = Release|Any CPU
		{AFD6082D-E692-4C0A-B05F-ADC76D6ABF96}.Debug|Any CPU.ActiveCfg = Debug|Any CPU
		{AFD6082D-E692-4C0A-B05F-ADC76D6ABF96}.Debug|Any CPU.Build.0 = Debug|Any CPU
		{AFD6082D-E692-4C0A-B05F-ADC76D6ABF96}.Release|Any CPU.ActiveCfg = Release|Any CPU
		{AFD6082D-E692-4C0A-B05F-ADC76D6ABF96}.Release|Any CPU.Build.0 = Release|Any CPU
	EndGlobalSection
	GlobalSection(SolutionProperties) = preSolution
		HideSolutionNode = FALSE
	EndGlobalSection
	GlobalSection(ExtensibilityGlobals) = postSolution
		SolutionGuid = {4E03EB73-0A7E-4C3D-B9F8-E50FD84F5912}
	EndGlobalSection
EndGlobal
